{
  "name": "rp-jup-executioner",
  "version": "1.0.0",
  "lockfileVersion": 3,
  "requires": true,
  "packages": {
    "": {
      "name": "rp-jup-executioner",
      "version": "1.0.0",
      "workspaces": [
        "packages/*",
        "apps/*"
      ],
      "devDependencies": {
        "turbo": "2.10.7",
        "typescript": "^5.4.0"
      }
    },
    "packages/api": {
      "name": "@rp/api",
      "version": "1.0.0",
      "dependencies": {
        "@rp/sdk": "*",
        "express": "^4.19.0",
        "cors": "^2.8.5",
        "dotenv": "^16.4.0",
        "@solana/web3.js": "^1.91.0",
        "express-rate-limit": "^7.3.0"
      },
      "devDependencies": {
        "typescript": "^5.4.0",
        "@types/express": "^4.17.21",
        "@types/cors": "^2.8.17",
        "@types/node": "^20.0.0",
        "ts-node": "^10.9.2",
        "jest": "^29.0.0",
        "ts-jest": "^29.0.0",
        "@types/jest": "^29.0.0",
        "supertest": "^7.0.0",
        "@types/supertest": "^6.0.0"
      }
    },
    "packages/bot": {
      "name": "@rp/bot",
      "version": "1.0.0",
      "dependencies": {
        "@rp/sdk": "*",
        "@solana/web3.js": "^1.91.0",
        "dotenv": "^16.4.0",
        "bs58": "^5.0.0"
      },
      "devDependencies": {
        "typescript": "^5.4.0",
        "ts-node": "^10.9.2",
        "jest": "^29.0.0",
        "ts-jest": "^29.0.0",
        "@types/jest": "^29.0.0",
        "@types/node": "^20.0.0"
      }
    },
    "packages/sdk": {
      "name": "@rp/sdk",
      "version": "1.0.0",
      "dependencies": {
        "@solana/web3.js": "^1.91.0",
        "cross-fetch": "^4.0.0",
        "bs58": "^5.0.0"
      },
      "devDependencies": {
        "typescript": "^5.4.0",
        "jest": "^29.0.0",
        "ts-jest": "^29.0.0",
        "@types/jest": "^29.0.0"
      }
    }
  }
}
